// !$*UTF8*$!
{
	archiveVersion = 1;
	classes = {
	};
	objectVersion = 56;
	objects = {

/* Begin PBXBuildFile section */
		9BA84C7F2A3F7F4100164239 /* FinalProject5App.swift in Sources */ = {isa = PBXBuildFile; fileRef = 9BA84C7E2A3F7F4100164239 /* FinalProject5App.swift */; };
		9BA84C832A3F7F4200164239 /* Assets.xcassets in Resources */ = {isa = PBXBuildFile; fileRef = 9BA84C822A3F7F4200164239 /* Assets.xcassets */; };
		9BA84C862A3F7F4200164239 /* Preview Assets.xcassets in Resources */ = {isa = PBXBuildFile; fileRef = 9BA84C852A3F7F4200164239 /* Preview Assets.xcassets */; };
		9BA84C8D2A3F7FF200164239 /* LocationsView.swift in Sources */ = {isa = PBXBuildFile; fileRef = 9BA84C8C2A3F7FF200164239 /* LocationsView.swift */; };
		9BA84C8F2A3F845400164239 /* MainView.swift in Sources */ = {isa = PBXBuildFile; fileRef = 9BA84C8E2A3F845400164239 /* MainView.swift */; };
		9BA84C912A3F8D4E00164239 /* ReservationForm.swift in Sources */ = {isa = PBXBuildFile; fileRef = 9BA84C902A3F8D4E00164239 /* ReservationForm.swift */; };
		9BA84C952A3F8EB400164239 /* Model.swift in Sources */ = {isa = PBXBuildFile; fileRef = 9BA84C942A3F8EB400164239 /* Model.swift */; };
		9BA84C972A3F8F6400164239 /* RestaurantLocation.swift in Sources */ = {isa = PBXBuildFile; fileRef = 9BA84C962A3F8F6400164239 /* RestaurantLocation.swift */; };
		9BA84C992A3F8F8700164239 /* RestaurantView.swift in Sources */ = {isa = PBXBuildFile; fileRef = 9BA84C982A3F8F8700164239 /* RestaurantView.swift */; };
		9BA84C9B2A3F8FD600164239 /* Reservation.swift in Sources */ = {isa = PBXBuildFile; fileRef = 9BA84C9A2A3F8FD600164239 /* Reservation.swift */; };
		9BA84C9D2A3F901300164239 /* ReservationView.swift in Sources */ = {isa = PBXBuildFile; fileRef = 9BA84C9C2A3F901300164239 /* ReservationView.swift */; };
		9BA84CA12A3F90A300164239 /* LittleLemonLogo.swift in Sources */ = {isa = PBXBuildFile; fileRef = 9BA84CA02A3F90A300164239 /* LittleLemonLogo.swift */; };
/* End PBXBuildFile section */

/* Begin PBXFileReference section */
		9BA84C7B2A3F7F4100164239 /* FinalProject5.app */ = {isa = PBXFileReference; explicitFileType = wrapper.application; includeInIndex = 0; path = FinalProject5.app; sourceTree = BUILT_PRODUCTS_DIR; };
		9BA84C7E2A3F7F4100164239 /* FinalProject5App.swift */ = {isa = PBXFileReference; lastKnownFileType = sourcecode.swift; path = FinalProject5App.swift; sourceTree = "<group>"; };
		9BA84C822A3F7F4200164239 /* Assets.xcassets */ = {isa = PBXFileReference; lastKnownFileType = folder.assetcatalog; path = Assets.xcassets; sourceTree = "<group>"; };
		9BA84C852A3F7F4200164239 /* Preview Assets.xcassets */ = {isa = PBXFileReference; lastKnownFileType = folder.assetcatalog; path = "Preview Assets.xcassets"; sourceTree = "<group>"; };
		9BA84C8C2A3F7FF200164239 /* LocationsView.swift */ = {isa = PBXFileReference; lastKnownFileType = sourcecode.swift; path = LocationsView.swift; sourceTree = "<group>"; };
		9BA84C8E2A3F845400164239 /* MainView.swift */ = {isa = PBXFileReference; lastKnownFileType = sourcecode.swift; path = MainView.swift; sourceTree = "<group>"; };
		9BA84C902A3F8D4E00164239 /* ReservationForm.swift */ = {isa = PBXFileReference; lastKnownFileType = sourcecode.swift; path = ReservationForm.swift; sourceTree = "<group>"; };
		9BA84C942A3F8EB400164239 /* Model.swift */ = {isa = PBXFileReference; lastKnownFileType = sourcecode.swift; path = Model.swift; sourceTree = "<group>"; };
		9BA84C962A3F8F6400164239 /* RestaurantLocation.swift */ = {isa = PBXFileReference; lastKnownFileType = sourcecode.swift; path = RestaurantLocation.swift; sourceTree = "<group>"; };
		9BA84C982A3F8F8700164239 /* RestaurantView.swift */ = {isa = PBXFileReference; lastKnownFileType = sourcecode.swift; path = RestaurantView.swift; sourceTree = "<group>"; };
		9BA84C9A2A3F8FD600164239 /* Reservation.swift */ = {isa = PBXFileReference; lastKnownFileType = sourcecode.swift; path = Reservation.swift; sourceTree = "<group>"; };
		9BA84C9C2A3F901300164239 /* ReservationView.swift */ = {isa = PBXFileReference; lastKnownFileType = sourcecode.swift; path = ReservationView.swift; sourceTree = "<group>"; };
		9BA84CA02A3F90A300164239 /* LittleLemonLogo.swift */ = {isa = PBXFileReference; lastKnownFileType = sourcecode.swift; path = LittleLemonLogo.swift; sourceTree = "<group>"; };
/* End PBXFileReference section */

/* Begin PBXFrameworksBuildPhase section */
		9BA84C782A3F7F4100164239 /* Frameworks */ = {
			isa = PBXFrameworksBuildPhase;
			buildActionMask = 2147483647;
			files = (
			);
			runOnlyForDeploymentPostprocessing = 0;
		};
/* End PBXFrameworksBuildPhase section */

/* Begin PBXGroup section */
		9BA84C722A3F7F4100164239 = {
			isa = PBXGroup;
			children = (
				9BA84C7D2A3F7F4100164239 /* FinalProject5 */,
				9BA84C7C2A3F7F4100164239 /* Products */,
			);
			sourceTree = "<group>";
		};
		9BA84C7C2A3F7F4100164239 /* Products */ = {
			isa = PBXGroup;
			children = (
				9BA84C7B2A3F7F4100164239 /* FinalProject5.app */,
			);
			name = Products;
			sourceTree = "<group>";
		};
		9BA84C7D2A3F7F4100164239 /* FinalProject5 */ = {
			isa = PBXGroup;
			children = (
				9BA84C7E2A3F7F4100164239 /* FinalProject5App.swift */,
				9BA84C942A3F8EB400164239 /* Model.swift */,
				9BA84C902A3F8D4E00164239 /* ReservationForm.swift */,
				9BA84C9C2A3F901300164239 /* ReservationView.swift */,
				9BA84C9A2A3F8FD600164239 /* Reservation.swift */,
				9BA84C8E2A3F845400164239 /* MainView.swift */,
				9BA84C8C2A3F7FF200164239 /* LocationsView.swift */,
				9BA84CA02A3F90A300164239 /* LittleLemonLogo.swift */,
				9BA84C962A3F8F6400164239 /* RestaurantLocation.swift */,
				9BA84C982A3F8F8700164239 /* RestaurantView.swift */,
				9BA84C822A3F7F4200164239 /* Assets.xcassets */,
				9BA84C842A3F7F4200164239 /* Preview Content */,
			);
			path = FinalProject5;
			sourceTree = "<group>";
		};
		9BA84C842A3F7F4200164239 /* Preview Content */ = {
			isa = PBXGroup;
			children = (
				9BA84C852A3F7F4200164239 /* Preview Assets.xcassets */,
			);
			path = "Preview Content";
			sourceTree = "<group>";
		};
/* End PBXGroup section */

/* Begin PBXNativeTarget section */
		9BA84C7A2A3F7F4100164239 /* FinalProject5 */ = {
			isa = PBXNativeTarget;
			buildConfigurationList = 9BA84C892A3F7F4200164239 /* Build configuration list for PBXNativeTarget "FinalProject5" */;
			buildPhases = (
				9BA84C772A3F7F4100164239 /* Sources */,
				9BA84C782A3F7F4100164239 /* Frameworks */,
				9BA84C792A3F7F4100164239 /* Resources */,
			);
			buildRules = (
			);
			dependencies = (
			);
			name = FinalProject5;
			productName = FinalProject5;
			productReference = 9BA84C7B2A3F7F4100164239 /* FinalProject5.app */;
			productType = "com.apple.product-type.application";
		};
/* End PBXNativeTarget section */

/* Begin PBXProject section */
		9BA84C732A3F7F4100164239 /* Project object */ = {
			isa = PBXProject;
			attributes = {
				BuildIndependentTargetsInParallel = 1;
				LastSwiftUpdateCheck = 1430;
				LastUpgradeCheck = 1430;
				TargetAttributes = {
					9BA84C7A2A3F7F4100164239 = {
						CreatedOnToolsVersion = 14.3.1;
					};
				};
			};
			buildConfigurationList = 9BA84C762A3F7F4100164239 /* Build configuration list for PBXProject "FinalProject5" */;
			compatibilityVersion = "Xcode 14.0";
			developmentRegion = en;
			hasScannedForEncodings = 0;
			knownRegions = (
				en,
				Base,
			);
			mainGroup = 9BA84C722A3F7F4100164239;
			productRefGroup = 9BA84C7C2A3F7F4100164239 /* Products */;
			projectDirPath = "";
			projectRoot = "";
			targets = (
				9BA84C7A2A3F7F4100164239 /* FinalProject5 */,
			);
		};
/* End PBXProject section */

/* Begin PBXResourcesBuildPhase section */
		9BA84C792A3F7F4100164239 /* Resources */ = {
			isa = PBXResourcesBuildPhase;
			buildActionMask = 2147483647;
			files = (
				9BA84C862A3F7F4200164239 /* Preview Assets.xcassets in Resources */,
				9BA84C832A3F7F4200164239 /* Assets.xcassets in Resources */,
			);
			runOnlyForDeploymentPostprocessing = 0;
		};
/* End PBXResourcesBuildPhase section */

/* Begin PBXSourcesBuildPhase section */
		9BA84C772A3F7F4100164239 /* Sources */ = {
			isa = PBXSourcesBuildPhase;
			buildActionMask = 2147483647;
			files = (
				9BA84CA12A3F90A300164239 /* LittleLemonLogo.swift in Sources */,
				9BA84C8D2A3F7FF200164239 /* LocationsView.swift in Sources */,
				9BA84C912A3F8D4E00164239 /* ReservationForm.swift in Sources */,
				9BA84C9B2A3F8FD600164239 /* Reservation.swift in Sources */,
				9BA84C8F2A3F845400164239 /* MainView.swift in Sources */,
				9BA84C992A3F8F8700164239 /* RestaurantView.swift in Sources */,
				9BA84C952A3F8EB400164239 /* Model.swift in Sources */,
				9BA84C972A3F8F6400164239 /* RestaurantLocation.swift in Sources */,
				9BA84C9D2A3F901300164239 /* ReservationView.swift in Sources */,
				9BA84C7F2A3F7F4100164239 /* FinalProject5App.swift in Sources */,
			);
			runOnlyForDeploymentPostprocessing = 0;
		};
/* End PBXSourcesBuildPhase section */

/* Begin XCBuildConfiguration section */
		9BA84C872A3F7F4200164239 /* Debug */ = {
			isa = XCBuildConfiguration;
			buildSettings = {
				ALWAYS_SEARCH_USER_PATHS = NO;
				CLANG_ANALYZER_NONNULL = YES;
				CLANG_ANALYZER_NUMBER_OBJECT_CONVERSION = YES_AGGRESSIVE;
				CLANG_CXX_LANGUAGE_STANDARD = "gnu++20";
				CLANG_ENABLE_MODULES = YES;
				CLANG_ENABLE_OBJC_ARC = YES;
				CLANG_ENABLE_OBJC_WEAK = YES;
				CLANG_WARN_BLOCK_CAPTURE_AUTORELEASING = YES;
				CLANG_WARN_BOOL_CONVERSION = YES;
				CLANG_WARN_COMMA = YES;
				CLANG_WARN_CONSTANT_CONVERSION = YES;
				CLANG_WARN_DEPRECATED_OBJC_IMPLEMENTATIONS = YES;
				CLANG_WARN_DIRECT_OBJC_ISA_USAGE = YES_ERROR;
				CLANG_WARN_DOCUMENTATION_COMMENTS = YES;
				CLANG_WARN_EMPTY_BODY = YES;
				CLANG_WARN_ENUM_CONVERSION = YES;
				CLANG_WARN_INFINITE_RECURSION = YES;
				CLANG_WARN_INT_CONVERSION = YES;
				CLANG_WARN_NON_LITERAL_NULL_CONVERSION = YES;
				CLANG_WARN_OBJC_IMPLICIT_RETAIN_SELF = YES;
				CLANG_WARN_OBJC_LITERAL_CONVERSION = YES;
				CLANG_WARN_OBJC_ROOT_CLASS = YES_ERROR;
				CLANG_WARN_QUOTED_INCLUDE_IN_FRAMEWORK_HEADER = YES;
				CLANG_WARN_RANGE_LOOP_ANALYSIS = YES;
				CLANG_WARN_STRICT_PROTOTYPES = YES;
				CLANG_WARN_SUSPICIOUS_MOVE = YES;
				CLANG_WARN_UNGUARDED_AVAILABILITY = YES_AGGRESSIVE;
				CLANG_WARN_UNREACHABLE_CODE = YES;
				CLANG_WARN__DUPLICATE_METHOD_MATCH = YES;
				COPY_PHASE_STRIP = NO;
				DEBUG_INFORMATION_FORMAT = dwarf;
				ENABLE_STRICT_OBJC_MSGSEND = YES;
				ENABLE_TESTABILITY = YES;
				GCC_C_LANGUAGE_STANDARD = gnu11;
				GCC_DYNAMIC_NO_PIC = NO;
				GCC_NO_COMMON_BLOCKS = YES;
				GCC_OPTIMIZATION_LEVEL = 0;
				GCC_PREPROCESSOR_DEFINITIONS = (
					"DEBUG=1",
					"$(inherited)",
				);
				GCC_WARN_64_TO_32_BIT_CONVERSION = YES;
				GCC_WARN_ABOUT_RETURN_TYPE = YES_ERROR;
				GCC_WARN_UNDECLARED_SELECTOR = YES;
				GCC_WARN_UNINITIALIZED_AUTOS = YES_AGGRESSIVE;
				GCC_WARN_UNUSED_FUNCTION = YES;
				GCC_WARN_UNUSED_VARIABLE = YES;
				IPHONEOS_DEPLOYMENT_TARGET = 16.4;
				MTL_ENABLE_DEBUG_INFO = INCLUDE_SOURCE;
				MTL_FAST_MATH = YES;
				ONLY_ACTIVE_ARCH = YES;
				SDKROOT = iphoneos;
				SWIFT_ACTIVE_COMPILATION_CONDITIONS = DEBUG;
				SWIFT_OPTIMIZATION_LEVEL = "-Onone";
			};
			name = Debug;
		};
		9BA84C882A3F7F4200164239 /* Release */ = {
			isa = XCBuildConfiguration;
			buildSettings = {
				ALWAYS_SEARCH_USER_PATHS = NO;
				CLANG_ANALYZER_NONNULL = YES;
				CLANG_ANALYZER_NUMBER_OBJECT_CONVERSION = YES_AGGRESSIVE;
				CLANG_CXX_LANGUAGE_STANDARD = "gnu++20";
				CLANG_ENABLE_MODULES = YES;
				CLANG_ENABLE_OBJC_ARC = YES;
				CLANG_ENABLE_OBJC_WEAK = YES;
				CLANG_WARN_BLOCK_CAPTURE_AUTORELEASING = YES;
				CLANG_WARN_BOOL_CONVERSION = YES;
				CLANG_WARN_COMMA = YES;
				CLANG_WARN_CONSTANT_CONVERSION = YES;
				CLANG_WARN_DEPRECATED_OBJC_IMPLEMENTATIONS = YES;
				CLANG_WARN_DIRECT_OBJC_ISA_USAGE = YES_ERROR;
				CLANG_WARN_DOCUMENTATION_COMMENTS = YES;
				CLANG_WARN_EMPTY_BODY = YES;
				CLANG_WARN_ENUM_CONVERSION = YES;
				CLANG_WARN_INFINITE_RECURSION = YES;
				CLANG_WARN_INT_CONVERSION = YES;
				CLANG_WARN_NON_LITERAL_NULL_CONVERSION = YES;
				CLANG_WARN_OBJC_IMPLICIT_RETAIN_SELF = YES;
				CLANG_WARN_OBJC_LITERAL_CONVERSION = YES;
				CLANG_WARN_OBJC_ROOT_CLASS = YES_ERROR;
				CLANG_WARN_QUOTED_INCLUDE_IN_FRAMEWORK_HEADER = YES;
				CLANG_WARN_RANGE_LOOP_ANALYSIS = YES;
				CLANG_WARN_STRICT_PROTOTYPES = YES;
				CLANG_WARN_SUSPICIOUS_MOVE = YES;
				CLANG_WARN_UNGUARDED_AVAILABILITY = YES_AGGRESSIVE;
				CLANG_WARN_UNREACHABLE_CODE = YES;
				CLANG_WARN__DUPLICATE_METHOD_MATCH = YES;
				COPY_PHASE_STRIP = NO;
				DEBUG_INFORMATION_FORMAT = "dwarf-with-dsym";
				ENABLE_NS_ASSERTIONS = NO;
				ENABLE_STRICT_OBJC_MSGSEND = YES;
				GCC_C_LANGUAGE_STANDARD = gnu11;
				GCC_NO_COMMON_BLOCKS = YES;
				GCC_WARN_64_TO_32_BIT_CONVERSION = YES;
				GCC_WARN_ABOUT_RETURN_TYPE = YES_ERROR;
				GCC_WARN_UNDECLARED_SELECTOR = YES;
				GCC_WARN_UNINITIALIZED_AUTOS = YES_AGGRESSIVE;
				GCC_WARN_UNUSED_FUNCTION = YES;
				GCC_WARN_UNUSED_VARIABLE = YES;
				IPHONEOS_DEPLOYMENT_TARGET = 16.4;
				MTL_ENABLE_DEBUG_INFO = NO;
				MTL_FAST_MATH = YES;
				SDKROOT = iphoneos;
				SWIFT_COMPILATION_MODE = wholemodule;
				SWIFT_OPTIMIZATION_LEVEL = "-O";
				VALIDATE_PRODUCT = YES;
			};
			name = Release;
		};
		9BA84C8A2A3F7F4200164239 /* Debug */ = {
			isa = XCBuildConfiguration;
			buildSettings = {
				ASSETCATALOG_COMPILER_APPICON_NAME = AppIcon;
				ASSETCATALOG_COMPILER_GLOBAL_ACCENT_COLOR_NAME = AccentColor;
				CODE_SIGN_STYLE = Automatic;
				CURRENT_PROJECT_VERSION = 1;
				DEVELOPMENT_ASSET_PATHS = "\"FinalProject5/Preview Content\"";
				ENABLE_PREVIEWS = YES;
				GENERATE_INFOPLIST_FILE = YES;
				INFOPLIST_KEY_UIApplicationSceneManifest_Generation = YES;
				INFOPLIST_KEY_UIApplicationSupportsIndirectInputEvents = YES;
				INFOPLIST_KEY_UILaunchScreen_Generation = YES;
				INFOPLIST_KEY_UISupportedInterfaceOrientations_iPad = "UIInterfaceOrientationPortrait UIInterfaceOrientationPortraitUpsideDown UIInterfaceOrientationLandscapeLeft UIInterfaceOrientationLandscapeRight";
				INFOPLIST_KEY_UISupportedInterfaceOrientations_iPhone = "UIInterfaceOrientationPortrait UIInterfaceOrientationLandscapeLeft UIInterfaceOrientationLandscapeRight";
				LD_RUNPATH_SEARCH_PATHS = (
					"$(inherited)",
					"@executable_path/Frameworks",
				);
				MARKETING_VERSION = 1.0;
				PRODUCT_BUNDLE_IDENTIFIER = littlelemon.FinalProject5;
				PRODUCT_NAME = "$(TARGET_NAME)";
				SWIFT_EMIT_LOC_STRINGS = YES;
				SWIFT_VERSION = 5.0;
				TARGETED_DEVICE_FAMILY = "1,2";
			};
			name = Debug;
		};
		9BA84C8B2A3F7F4200164239 /* Release */ = {
			isa = XCBuildConfiguration;
			buildSettings = {
				ASSETCATALOG_COMPILER_APPICON_NAME = AppIcon;
				ASSETCATALOG_COMPILER_GLOBAL_ACCENT_COLOR_NAME = AccentColor;
				CODE_SIGN_STYLE = Automatic;
				CURRENT_PROJECT_VERSION = 1;
				DEVELOPMENT_ASSET_PATHS = "\"FinalProject5/Preview Content\"";
				ENABLE_PREVIEWS = YES;
				GENERATE_INFOPLIST_FILE = YES;
				INFOPLIST_KEY_UIApplicationSceneManifest_Generation = YES;
				INFOPLIST_KEY_UIApplicationSupportsIndirectInputEvents = YES;
				INFOPLIST_KEY_UILaunchScreen_Generation = YES;
				INFOPLIST_KEY_UISupportedInterfaceOrientations_iPad = "UIInterfaceOrientationPortrait UIInterfaceOrientationPortraitUpsideDown UIInterfaceOrientationLandscapeLeft UIInterfaceOrientationLandscapeRight";
				INFOPLIST_KEY_UISupportedInterfaceOrientations_iPhone = "UIInterfaceOrientationPortrait UIInterfaceOrientationLandscapeLeft UIInterfaceOrientationLandscapeRight";
				LD_RUNPATH_SEARCH_PATHS = (
					"$(inherited)",
					"@executable_path/Frameworks",
				);
				MARKETING_VERSION = 1.0;
				PRODUCT_BUNDLE_IDENTIFIER = littlelemon.FinalProject5;
				PRODUCT_NAME = "$(TARGET_NAME)";
				SWIFT_EMIT_LOC_STRINGS = YES;
				SWIFT_VERSION = 5.0;
				TARGETED_DEVICE_FAMILY = "1,2";
			};
			name = Release;
		};
/* End XCBuildConfiguration section */

/* Begin XCConfigurationList section */
		9BA84C762A3F7F4100164239 /* Build configuration list for PBXProject "FinalProject5" */ = {
			isa = XCConfigurationList;
			buildConfigurations = (
				9BA84C872A3F7F4200164239 /* Debug */,
				9BA84C882A3F7F4200164239 /* Release */,
			);
			defaultConfigurationIsVisible = 0;
			defaultConfigurationName = Release;
		};
		9BA84C892A3F7F4200164239 /* Build configuration list for PBXNativeTarget "FinalProject5" */ = {
			isa = XCConfigurationList;
			buildConfigurations = (
				9BA84C8A2A3F7F4200164239 /* Debug */,
				9BA84C8B2A3F7F4200164239 /* Release */,
			);
			defaultConfigurationIsVisible = 0;
			defaultConfigurationName = Release;
		};
/* End XCConfigurationList section */
	};
	rootObject = 9BA84C732A3F7F4100164239 /* Project object */;
}
